// !$*UTF8*$!
{
	archiveVersion = 1;
	classes = {
	};
	objectVersion = 46;
	objects = {

/* Begin PBXBuildFile section */
		77BFBE581E368A9000AE5E40 /* main.m in Sources */ = {isa = PBXBuildFile; fileRef = 77BFBE571E368A9000AE5E40 /* main.m */; };
		77BFBE5B1E368A9000AE5E40 /* AppDelegate.m in Sources */ = {isa = PBXBuildFile; fileRef = 77BFBE5A1E368A9000AE5E40 /* AppDelegate.m */; };
		77BFBE5E1E368A9000AE5E40 /* ViewController.m in Sources */ = {isa = PBXBuildFile; fileRef = 77BFBE5D1E368A9000AE5E40 /* ViewController.m */; };
		77BFBE611E368A9000AE5E40 /* Main.storyboard in Resources */ = {isa = PBXBuildFile; fileRef = 77BFBE5F1E368A9000AE5E40 /* Main.storyboard */; };
		77BFBE631E368A9000AE5E40 /* Assets.xcassets in Resources */ = {isa = PBXBuildFile; fileRef = 77BFBE621E368A9000AE5E40 /* Assets.xcassets */; };
		77BFBE661E368A9000AE5E40 /* LaunchScreen.storyboard in Resources */ = {isa = PBXBuildFile; fileRef = 77BFBE641E368A9000AE5E40 /* LaunchScreen.storyboard */; };
/* End PBXBuildFile section */

/* Begin PBXFileReference section */
		77BFBE531E368A9000AE5E40 /* ScrollViewImageGalleries.app */ = {isa = PBXFileReference; explicitFileType = wrapper.application; includeInIndex = 0; path = ScrollViewImageGalleries.app; sourceTree = BUILT_PRODUCTS_DIR; };
		77BFBE571E368A9000AE5E40 /* main.m */ = {isa = PBXFileReference; lastKnownFileType = sourcecode.c.objc; path = main.m; sourceTree = "<group>"; };
		77BFBE591E368A9000AE5E40 /* AppDelegate.h */ = {isa = PBXFileReference; lastKnownFileType = sourcecode.c.h; path = AppDelegate.h; sourceTree = "<group>"; };
		77BFBE5A1E368A9000AE5E40 /* AppDelegate.m */ = {isa = PBXFileReference; lastKnownFileType = sourcecode.c.objc; path = AppDelegate.m; sourceTree = "<group>"; };
		77BFBE5C1E368A9000AE5E40 /* ViewController.h */ = {isa = PBXFileReference; lastKnownFileType = sourcecode.c.h; path = ViewController.h; sourceTree = "<group>"; };
		77BFBE5D1E368A9000AE5E40 /* ViewController.m */ = {isa = PBXFileReference; lastKnownFileType = sourcecode.c.objc; path = ViewController.m; sourceTree = "<group>"; };
		77BFBE601E368A9000AE5E40 /* Base */ = {isa = PBXFileReference; lastKnownFileType = file.storyboard; name = Base; path = Base.lproj/Main.storyboard; sourceTree = "<group>"; };
		77BFBE621E368A9000AE5E40 /* Assets.xcassets */ = {isa = PBXFileReference; lastKnownFileType = folder.assetcatalog; path = Assets.xcassets; sourceTree = "<group>"; };
		77BFBE651E368A9000AE5E40 /* Base */ = {isa = PBXFileReference; lastKnownFileType = file.storyboard; name = Base; path = Base.lproj/LaunchScreen.storyboard; sourceTree = "<group>"; };
		77BFBE671E368A9000AE5E40 /* Info.plist */ = {isa = PBXFileReference; lastKnownFileType = text.plist.xml; path = Info.plist; sourceTree = "<group>"; };
/* End PBXFileReference section */

/* Begin PBXFrameworksBuildPhase section */
		77BFBE501E368A9000AE5E40 /* Frameworks */ = {
			isa = PBXFrameworksBuildPhase;
			buildActionMask = 2147483647;
			files = (
			);
			runOnlyForDeploymentPostprocessing = 0;
		};
/* End PBXFrameworksBuildPhase section */

/* Begin PBXGroup section */
		77BFBE4A1E368A9000AE5E40 = {
			isa = PBXGroup;
			children = (
				77BFBE551E368A9000AE5E40 /* ScrollViewImageGalleries */,
				77BFBE541E368A9000AE5E40 /* Products */,
			);
			sourceTree = "<group>";
		};
		77BFBE541E368A9000AE5E40 /* Products */ = {
			isa = PBXGroup;
			children = (
				77BFBE531E368A9000AE5E40 /* ScrollViewImageGalleries.app */,
			);
			name = Products;
			sourceTree = "<group>";
		};
		77BFBE551E368A9000AE5E40 /* ScrollViewImageGalleries */ = {
			isa = PBXGroup;
			children = (
				77BFBE591E368A9000AE5E40 /* AppDelegate.h */,
				77BFBE5A1E368A9000AE5E40 /* AppDelegate.m */,
				77BFBE5C1E368A9000AE5E40 /* ViewController.h */,
				77BFBE5D1E368A9000AE5E40 /* ViewController.m */,
				77BFBE5F1E368A9000AE5E40 /* Main.storyboard */,
				77BFBE621E368A9000AE5E40 /* Assets.xcassets */,
				77BFBE641E368A9000AE5E40 /* LaunchScreen.storyboard */,
				77BFBE671E368A9000AE5E40 /* Info.plist */,
				77BFBE561E368A9000AE5E40 /* Supporting Files */,
			);
			path = ScrollViewImageGalleries;
			sourceTree = "<group>";
		};
		77BFBE561E368A9000AE5E40 /* Supporting Files */ = {
			isa = PBXGroup;
			children = (
				77BFBE571E368A9000AE5E40 /* main.m */,
			);
			name = "Supporting Files";
			sourceTree = "<group>";
		};
/* End PBXGroup section */

/* Begin PBXNativeTarget section */
		77BFBE521E368A9000AE5E40 /* ScrollViewImageGalleries */ = {
			isa = PBXNativeTarget;
			buildConfigurationList = 77BFBE6A1E368A9000AE5E40 /* Build configuration list for PBXNativeTarget "ScrollViewImageGalleries" */;
			buildPhases = (
				77BFBE4F1E368A9000AE5E40 /* Sources */,
				77BFBE501E368A9000AE5E40 /* Frameworks */,
				77BFBE511E368A9000AE5E40 /* Resources */,
			);
			buildRules = (
			);
			dependencies = (
			);
			name = ScrollViewImageGalleries;
			productName = ScrollViewImageGalleries;
			productReference = 77BFBE531E368A9000AE5E40 /* ScrollViewImageGalleries.app */;
			productType = "com.apple.product-type.application";
		};
/* End PBXNativeTarget section */

/* Begin PBXProject section */
		77BFBE4B1E368A9000AE5E40 /* Project object */ = {
			isa = PBXProject;
			attributes = {
				LastUpgradeCheck = 0820;
				ORGANIZATIONNAME = "Pierre Binon";
				TargetAttributes = {
					77BFBE521E368A9000AE5E40 = {
						CreatedOnToolsVersion = 8.2.1;
						ProvisioningStyle = Automatic;
					};
				};
			};
			buildConfigurationList = 77BFBE4E1E368A9000AE5E40 /* Build configuration list for PBXProject "ScrollViewImageGalleries" */;
			compatibilityVersion = "Xcode 3.2";
			developmentRegion = English;
			hasScannedForEncodings = 0;
			knownRegions = (
				en,
				Base,
			);
			mainGroup = 77BFBE4A1E368A9000AE5E40;
			productRefGroup = 77BFBE541E368A9000AE5E40 /* Products */;
			projectDirPath = "";
			projectRoot = "";
			targets = (
				77BFBE521E368A9000AE5E40 /* ScrollViewImageGalleries */,
			);
		};
/* End PBXProject section */

/* Begin PBXResourcesBuildPhase section */
		77BFBE511E368A9000AE5E40 /* Resources */ = {
			isa = PBXResourcesBuildPhase;
			buildActionMask = 2147483647;
			files = (
				77BFBE661E368A9000AE5E40 /* LaunchScreen.storyboard in Resources */,
				77BFBE631E368A9000AE5E40 /* Assets.xcassets in Resources */,
				77BFBE611E368A9000AE5E40 /* Main.storyboard in Resources */,
			);
			runOnlyForDeploymentPostprocessing = 0;
		};
/* End PBXResourcesBuildPhase section */

/* Begin PBXSourcesBuildPhase section */
		77BFBE4F1E368A9000AE5E40 /* Sources */ = {
			isa = PBXSourcesBuildPhase;
			buildActionMask = 2147483647;
			files = (
				77BFBE5E1E368A9000AE5E40 /* ViewController.m in Sources */,
				77BFBE5B1E368A9000AE5E40 /* AppDelegate.m in Sources */,
				77BFBE581E368A9000AE5E40 /* main.m in Sources */,
			);
			runOnlyForDeploymentPostprocessing = 0;
		};
/* End PBXSourcesBuildPhase section */

/* Begin PBXVariantGroup section */
		77BFBE5F1E368A9000AE5E40 /* Main.storyboard */ = {
			isa = PBXVariantGroup;
			children = (
				77BFBE601E368A9000AE5E40 /* Base */,
			);
			name = Main.storyboard;
			sourceTree = "<group>";
		};
		77BFBE641E368A9000AE5E40 /* LaunchScreen.storyboard */ = {
			isa = PBXVariantGroup;
			children = (
				77BFBE651E368A9000AE5E40 /* Base */,
			);
			name = LaunchScreen.storyboard;
			sourceTree = "<group>";
		};
/* End PBXVariantGroup section */

/* Begin XCBuildConfiguration section */
		77BFBE681E368A9000AE5E40 /* Debug */ = {
			isa = XCBuildConfiguration;
			buildSettings = {
				ALWAYS_SEARCH_USER_PATHS = NO;
				CLANG_ANALYZER_NONNULL = YES;
				CLANG_CXX_LANGUAGE_STANDARD = "gnu++0x";
				CLANG_CXX_LIBRARY = "libc++";
				CLANG_ENABLE_MODULES = YES;
				CLANG_ENABLE_OBJC_ARC = YES;
				CLANG_WARN_BOOL_CONVERSION = YES;
				CLANG_WARN_CONSTANT_CONVERSION = YES;
				CLANG_WARN_DIRECT_OBJC_ISA_USAGE = YES_ERROR;
				CLANG_WARN_DOCUMENTATION_COMMENTS = YES;
				CLANG_WARN_EMPTY_BODY = YES;
				CLANG_WARN_ENUM_CONVERSION = YES;
				CLANG_WARN_INFINITE_RECURSION = YES;
				CLANG_WARN_INT_CONVERSION = YES;
				CLANG_WARN_OBJC_ROOT_CLASS = YES_ERROR;
				CLANG_WARN_SUSPICIOUS_MOVE = YES;
				CLANG_WARN_UNREACHABLE_CODE = YES;
				CLANG_WARN__DUPLICATE_METHOD_MATCH = YES;
				"CODE_SIGN_IDENTITY[sdk=iphoneos*]" = "iPhone Developer";
				COPY_PHASE_STRIP = NO;
				DEBUG_INFORMATION_FORMAT = dwarf;
				ENABLE_STRICT_OBJC_MSGSEND = YES;
				ENABLE_TESTABILITY = YES;
				GCC_C_LANGUAGE_STANDARD = gnu99;
				GCC_DYNAMIC_NO_PIC = NO;
				GCC_NO_COMMON_BLOCKS = YES;
				GCC_OPTIMIZATION_LEVEL = 0;
				GCC_PREPROCESSOR_DEFINITIONS = (
					"DEBUG=1",
					"$(inherited)",
				);
				GCC_WARN_64_TO_32_BIT_CONVERSION = YES;
				GCC_WARN_ABOUT_RETURN_TYPE = YES_ERROR;
				GCC_WARN_UNDECLARED_SELECTOR = YES;
				GCC_WARN_UNINITIALIZED_AUTOS = YES_AGGRESSIVE;
				GCC_WARN_UNUSED_FUNCTION = YES;
				GCC_WARN_UNUSED_VARIABLE = YES;
				IPHONEOS_DEPLOYMENT_TARGET = 10.2;
				MTL_ENABLE_DEBUG_INFO = YES;
				ONLY_ACTIVE_ARCH = YES;
				SDKROOT = iphoneos;
			};
			name = Debug;
		};
		77BFBE691E368A9000AE5E40 /* Release */ = {
			isa = XCBuildConfiguration;
			buildSettings = {
				ALWAYS_SEARCH_USER_PATHS = NO;
				CLANG_ANALYZER_NONNULL = YES;
				CLANG_CXX_LANGUAGE_STANDARD = "gnu++0x";
				CLANG_CXX_LIBRARY = "libc++";
				CLANG_ENABLE_MODULES = YES;
				CLANG_ENABLE_OBJC_ARC = YES;
				CLANG_WARN_BOOL_CONVERSION = YES;
				CLANG_WARN_CONSTANT_CONVERSION = YES;
				CLANG_WARN_DIRECT_OBJC_ISA_USAGE = YES_ERROR;
				CLANG_WARN_DOCUMENTATION_COMMENTS = YES;
				CLANG_WARN_EMPTY_BODY = YES;
				CLANG_WARN_ENUM_CONVERSION = YES;
				CLANG_WARN_INFINITE_RECURSION = YES;
				CLANG_WARN_INT_CONVERSION = YES;
				CLANG_WARN_OBJC_ROOT_CLASS = YES_ERROR;
				CLANG_WARN_SUSPICIOUS_MOVE = YES;
				CLANG_WARN_UNREACHABLE_CODE = YES;
				CLANG_WARN__DUPLICATE_METHOD_MATCH = YES;
				"CODE_SIGN_IDENTITY[sdk=iphoneos*]" = "iPhone Developer";
				COPY_PHASE_STRIP = NO;
				DEBUG_INFORMATION_FORMAT = "dwarf-with-dsym";
				ENABLE_NS_ASSERTIONS = NO;
				ENABLE_STRICT_OBJC_MSGSEND = YES;
				GCC_C_LANGUAGE_STANDARD = gnu99;
				GCC_NO_COMMON_BLOCKS = YES;
				GCC_WARN_64_TO_32_BIT_CONVERSION = YES;
				GCC_WARN_ABOUT_RETURN_TYPE = YES_ERROR;
				GCC_WARN_UNDECLARED_SELECTOR = YES;
				GCC_WARN_UNINITIALIZED_AUTOS = YES_AGGRESSIVE;
				GCC_WARN_UNUSED_FUNCTION = YES;
				GCC_WARN_UNUSED_VARIABLE = YES;
				IPHONEOS_DEPLOYMENT_TARGET = 10.2;
				MTL_ENABLE_DEBUG_INFO = NO;
				SDKROOT = iphoneos;
				VALIDATE_PRODUCT = YES;
			};
			name = Release;
		};
		77BFBE6B1E368A9000AE5E40 /* Debug */ = {
			isa = XCBuildConfiguration;
			buildSettings = {
				ASSETCATALOG_COMPILER_APPICON_NAME = AppIcon;
				INFOPLIST_FILE = ScrollViewImageGalleries/Info.plist;
				LD_RUNPATH_SEARCH_PATHS = "$(inherited) @executable_path/Frameworks";
				PRODUCT_BUNDLE_IDENTIFIER = com.pierrebinon.ScrollViewImageGalleries;
				PRODUCT_NAME = "$(TARGET_NAME)";
			};
			name = Debug;
		};
		77BFBE6C1E368A9000AE5E40 /* Release */ = {
			isa = XCBuildConfiguration;
			buildSettings = {
				ASSETCATALOG_COMPILER_APPICON_NAME = AppIcon;
				INFOPLIST_FILE = ScrollViewImageGalleries/Info.plist;
				LD_RUNPATH_SEARCH_PATHS = "$(inherited) @executable_path/Frameworks";
				PRODUCT_BUNDLE_IDENTIFIER = com.pierrebinon.ScrollViewImageGalleries;
				PRODUCT_NAME = "$(TARGET_NAME)";
			};
			name = Release;
		};
/* End XCBuildConfiguration section */

/* Begin XCConfigurationList section */
		77BFBE4E1E368A9000AE5E40 /* Build configuration list for PBXProject "ScrollViewImageGalleries" */ = {
			isa = XCConfigurationList;
			buildConfigurations = (
				77BFBE681E368A9000AE5E40 /* Debug */,
				77BFBE691E368A9000AE5E40 /* Release */,
			);
			defaultConfigurationIsVisible = 0;
			defaultConfigurationName = Release;
		};
		77BFBE6A1E368A9000AE5E40 /* Build configuration list for PBXNativeTarget "ScrollViewImageGalleries" */ = {
			isa = XCConfigurationList;
			buildConfigurations = (
				77BFBE6B1E368A9000AE5E40 /* Debug */,
				77BFBE6C1E368A9000AE5E40 /* Release */,
			);
			defaultConfigurationIsVisible = 0;
		};
/* End XCConfigurationList section */
	};
	rootObject = 77BFBE4B1E368A9000AE5E40 /* Project object */;
}
